github.com/lorainemg/hugo-theme-indigo-night v1.0.0 h1:vPAw9PBqzqIovgdwazK+G8tJlYqEwJAvMRwzRiXcu0g=
github.com/lorainemg/hugo-theme-indigo-night v1.0.0/go.mod h1:lJOWz3U7qYt9cmVhj8lHGh/2i1YpwfGVLcFARrqeFSc=
github.com/lorainemg/hugo-theme-indigo-night v1.0.1 h1:GVeWB2Q0vF/90Y0c6WOFqLqp7RkrdHmOdthSCsaa+5k=
github.com/lorainemg/hugo-theme-indigo-night v1.0.1/go.mod h1:lJOWz3U7qYt9cmVhj8lHGh/2i1YpwfGVLcFARrqeFSc=
github.com/lorainemg/hugo-theme-indigo-night v1.0.2 h1:mEbiLInG0/YItUj5PLyLvzQ/qZfr8M/1gT77nvsMKsQ=
github.com/lorainemg/hugo-theme-indigo-night v1.0.2/go.mod h1:lJOWz3U7qYt9cmVhj8lHGh/2i1YpwfGVLcFARrqeFSc=
